
Microsoft Visual Studio Solution File, Format Version 12.00
# Visual Studio Version 17
VisualStudioVersion = 17.7.34024.191
MinimumVisualStudioVersion = 10.0.40219.1
Project("{FAE04EC0-301F-11D3-BF4B-00C04F79EFBC}") = "MeganLibrary", "MeganLibrary\MeganLibrary.csproj", "{49037EA0-A2AB-4F97-9C53-1DBFF9DF9B3A}"
EndProject
Project("{FAE04EC0-301F-11D3-BF4B-00C04F79EFBC}") = "TestMeganLibrary", "TestMeganLibrary\TestMeganLibrary.csproj", "{1332B11F-1BF5-4D92-8F0B-989289EDCF24}"
EndProject
Global
	GlobalSection(SolutionConfigurationPlatforms) = preSolution
		Debug|Any CPU = Debug|Any CPU
		Release|Any CPU = Release|Any CPU
	EndGlobalSection
	GlobalSection(ProjectConfigurationPlatforms) = postSolution
		{49037EA0-A2AB-4F97-9C53-1DBFF9DF9B3A}.Debug|Any CPU.ActiveCfg = Debug|Any CPU
		{49037EA0-A2AB-4F97-9C53-1DBFF9DF9B3A}.Debug|Any CPU.Build.0 = Debug|Any CPU
		{49037EA0-A2AB-4F97-9C53-1DBFF9DF9B3A}.Release|Any CPU.ActiveCfg = Release|Any CPU
		{49037EA0-A2AB-4F97-9C53-1DBFF9DF9B3A}.Release|Any CPU.Build.0 = Release|Any CPU
		{1332B11F-1BF5-4D92-8F0B-989289EDCF24}.Debug|Any CPU.ActiveCfg = Debug|Any CPU
		{1332B11F-1BF5-4D92-8F0B-989289EDCF24}.Debug|Any CPU.Build.0 = Debug|Any CPU
		{1332B11F-1BF5-4D92-8F0B-989289EDCF24}.Release|Any CPU.ActiveCfg = Release|Any CPU
		{1332B11F-1BF5-4D92-8F0B-989289EDCF24}.Release|Any CPU.Build.0 = Release|Any CPU
	EndGlobalSection
	GlobalSection(SolutionProperties) = preSolution
		HideSolutionNode = FALSE
	EndGlobalSection
	GlobalSection(ExtensibilityGlobals) = postSolution
		SolutionGuid = {B696814D-79E5-46BC-BF37-BC644FC3167B}
	EndGlobalSection
EndGlobal
